{
  "version": 4,
  "terraform_version": "1.2.9",
  "serial": 15,
  "lineage": "a87b9481-8509-988f-88a9-6abbf6fbc382",
  "outputs": {
    "terraform-repo-url": {
      "value": "https://github.com/Shivammdh/first-repo-from-terraform",
      "type": "string"
    }
  },
  "resources": [
    {
      "mode": "managed",
      "type": "github_repository",
      "name": "terraform-first-repo",
      "provider": "provider[\"registry.terraform.io/hashicorp/github\"]",
      "instances": [
        {
          "schema_version": 0,
          "attributes": {
            "allow_auto_merge": false,
            "allow_merge_commit": true,
            "allow_rebase_merge": true,
            "allow_squash_merge": true,
            "archive_on_destroy": null,
            "archived": false,
            "auto_init": true,
            "default_branch": "main",
            "delete_branch_on_merge": false,
            "description": "My First resource for terraform",
            "etag": "W/\"aa6ad3d1020a8e85287a2058a1195e826118b0272def4c6bcc535f634415aaee\"",
            "full_name": "Shivammdh/first-repo-from-terraform",
            "git_clone_url": "git://github.com/Shivammdh/first-repo-from-terraform.git",
            "gitignore_template": null,
            "has_downloads": false,
            "has_issues": false,
            "has_projects": false,
            "has_wiki": false,
            "homepage_url": "",
            "html_url": "https://github.com/Shivammdh/first-repo-from-terraform",
            "http_clone_url": "https://github.com/Shivammdh/first-repo-from-terraform.git",
            "id": "first-repo-from-terraform",
            "ignore_vulnerability_alerts_during_read": null,
            "is_template": false,
            "license_template": null,
            "merge_commit_message": "PR_TITLE",
            "merge_commit_title": "MERGE_MESSAGE",
            "name": "first-repo-from-terraform",
            "node_id": "R_kgDOIFzFAQ",
            "pages": [],
            "private": false,
            "repo_id": 542950657,
            "squash_merge_commit_message": "COMMIT_MESSAGES",
            "squash_merge_commit_title": "COMMIT_OR_PR_TITLE",
            "ssh_clone_url": "git@github.com:Shivammdh/first-repo-from-terraform.git",
            "svn_url": "https://github.com/Shivammdh/first-repo-from-terraform",
            "template": [],
            "topics": null,
            "visibility": "public",
            "vulnerability_alerts": false
          },
          "sensitive_attributes": [],
          "private": "bnVsbA=="
        }
      ]
    }
  ]
}
